{
  "name": "esptool-js",
  "version": "0.1.0",
  "lockfileVersion": 2,
  "requires": true,
  "packages": {
    "": {
      "name": "esptool-js",
      "version": "0.1.0",
      "dependencies": {
        "crypto-js": "^4.2.0",
        "xterm": "^4.13.0"
      }
    },
    "node_modules/crypto-js": {
      "version": "4.2.0",
      "resolved": "https://registry.npmjs.org/crypto-js/-/crypto-js-4.2.0.tgz",
      "integrity": "sha512-KALDyEYgpY+Rlob/iriUtjV6d5Eq+Y191A5g4UqLAi8CyGP9N1+FdVbkc1SxKc2r4YAYqG8JzO2KGL+AizD70Q=="
    },
    "node_modules/xterm": {
      "version": "4.13.0",
      "resolved": "https://registry.npmjs.org/xterm/-/xterm-4.13.0.tgz",
      "integrity": "sha512-HVW1gdoLOTnkMaqQCr2r3mQy4fX9iSa5gWxKZ2UTYdLa4iqavv7QxJ8n1Ypse32shPVkhTYPLS6vHEFZp5ghzw=="
    }
  },
  "dependencies": {
    "crypto-js": {
      "version": "4.2.0",
      "resolved": "https://registry.npmjs.org/crypto-js/-/crypto-js-4.2.0.tgz",
      "integrity": "sha512-KALDyEYgpY+Rlob/iriUtjV6d5Eq+Y191A5g4UqLAi8CyGP9N1+FdVbkc1SxKc2r4YAYqG8JzO2KGL+AizD70Q=="
    },
    "xterm": {
      "version": "4.13.0",
      "resolved": "https://registry.npmjs.org/xterm/-/xterm-4.13.0.tgz",
      "integrity": "sha512-HVW1gdoLOTnkMaqQCr2r3mQy4fX9iSa5gWxKZ2UTYdLa4iqavv7QxJ8n1Ypse32shPVkhTYPLS6vHEFZp5ghzw=="
    }
  }
}
